// !$*UTF8*$!
{
	archiveVersion = 1;
	classes = {
	};
	objectVersion = 56;
	objects = {

/* Begin PBXBuildFile section */
		AA05EA0C29F71ECE00F736CF /* AuthViewModel.swift in Sources */ = {isa = PBXBuildFile; fileRef = AA05EA0B29F71ECE00F736CF /* AuthViewModel.swift */; };
		AA05EA0E29F805CE00F736CF /* EditProfilePhotoView.swift in Sources */ = {isa = PBXBuildFile; fileRef = AA05EA0D29F805CE00F736CF /* EditProfilePhotoView.swift */; };
		AA05EA1129F80F4100F736CF /* ImagePicker.swift in Sources */ = {isa = PBXBuildFile; fileRef = AA05EA1029F80F4100F736CF /* ImagePicker.swift */; };
		AA22853329EA1B2C005CB22A /* UserRowView.swift in Sources */ = {isa = PBXBuildFile; fileRef = AA22853229EA1B2C005CB22A /* UserRowView.swift */; };
		AA22853529EA1D3F005CB22A /* BlueCheck.swift in Sources */ = {isa = PBXBuildFile; fileRef = AA22853429EA1D3F005CB22A /* BlueCheck.swift */; };
		AA22853B29EAC597005CB22A /* SideMenuView.swift in Sources */ = {isa = PBXBuildFile; fileRef = AA22853A29EAC597005CB22A /* SideMenuView.swift */; };
		AA22853D29EAC59F005CB22A /* SideMenuRowView.swift in Sources */ = {isa = PBXBuildFile; fileRef = AA22853C29EAC59F005CB22A /* SideMenuRowView.swift */; };
		AA22853F29EAC5B3005CB22A /* SideMenuFeaturesViewModel.swift in Sources */ = {isa = PBXBuildFile; fileRef = AA22853E29EAC5B3005CB22A /* SideMenuFeaturesViewModel.swift */; };
		AA22854129EAC764005CB22A /* SideMenuToolsViewModel.swift in Sources */ = {isa = PBXBuildFile; fileRef = AA22854029EAC764005CB22A /* SideMenuToolsViewModel.swift */; };
		AA22854429EACB0F005CB22A /* TwitterBlueLogo.swift in Sources */ = {isa = PBXBuildFile; fileRef = AA22854329EACB0F005CB22A /* TwitterBlueLogo.swift */; };
		AA22854629EB1DD9005CB22A /* FollowingFollowersView.swift in Sources */ = {isa = PBXBuildFile; fileRef = AA22854529EB1DD9005CB22A /* FollowingFollowersView.swift */; };
		AA22854829EBA088005CB22A /* TwitterLogo.swift in Sources */ = {isa = PBXBuildFile; fileRef = AA22854729EBA088005CB22A /* TwitterLogo.swift */; };
		AA22854A29EBA582005CB22A /* FeedType.swift in Sources */ = {isa = PBXBuildFile; fileRef = AA22854929EBA582005CB22A /* FeedType.swift */; };
		AA2C74B729F5ADE90013A986 /* GoogleService-Info.plist in Resources */ = {isa = PBXBuildFile; fileRef = AA2C74B629F5ADE90013A986 /* GoogleService-Info.plist */; };
		AA2C74BA29F5AE710013A986 /* FirebaseAuth in Frameworks */ = {isa = PBXBuildFile; productRef = AA2C74B929F5AE710013A986 /* FirebaseAuth */; };
		AA2C74BC29F5AE710013A986 /* FirebaseFirestore in Frameworks */ = {isa = PBXBuildFile; productRef = AA2C74BB29F5AE710013A986 /* FirebaseFirestore */; };
		AA2C74BE29F5AE710013A986 /* FirebaseFirestoreSwift in Frameworks */ = {isa = PBXBuildFile; productRef = AA2C74BD29F5AE710013A986 /* FirebaseFirestoreSwift */; };
		AA2C74C029F5AE710013A986 /* FirebaseStorage in Frameworks */ = {isa = PBXBuildFile; productRef = AA2C74BF29F5AE710013A986 /* FirebaseStorage */; };
		AA2C74C329F5B2820013A986 /* SignedOutView.swift in Sources */ = {isa = PBXBuildFile; fileRef = AA2C74C229F5B2820013A986 /* SignedOutView.swift */; };
		AA2C74C629F5B7240013A986 /* AuthenticationOptionButton.swift in Sources */ = {isa = PBXBuildFile; fileRef = AA2C74C529F5B7240013A986 /* AuthenticationOptionButton.swift */; };
		AA5FA9F82A0031CD00D894A3 /* TweetService.swift in Sources */ = {isa = PBXBuildFile; fileRef = AA5FA9F72A0031CD00D894A3 /* TweetService.swift */; };
		AA5FA9FA2A00334900D894A3 /* UploadTweetViewModel.swift in Sources */ = {isa = PBXBuildFile; fileRef = AA5FA9F92A00334900D894A3 /* UploadTweetViewModel.swift */; };
		AA5FA9FC2A01831B00D894A3 /* FeedViewModel.swift in Sources */ = {isa = PBXBuildFile; fileRef = AA5FA9FB2A01831B00D894A3 /* FeedViewModel.swift */; };
		AA5FA9FE2A04511000D894A3 /* Tweet.swift in Sources */ = {isa = PBXBuildFile; fileRef = AA5FA9FD2A04511000D894A3 /* Tweet.swift */; };
		AA5FAA012A05CE2A00D894A3 /* ProfileViewModel.swift in Sources */ = {isa = PBXBuildFile; fileRef = AA5FAA002A05CE2A00D894A3 /* ProfileViewModel.swift */; };
		AA65E9D529F8CBC500052F5F /* ImageUploader.swift in Sources */ = {isa = PBXBuildFile; fileRef = AA65E9D429F8CBC500052F5F /* ImageUploader.swift */; };
		AA841C1029F00DD600B09A56 /* NewTweetView.swift in Sources */ = {isa = PBXBuildFile; fileRef = AA841C0F29F00DD600B09A56 /* NewTweetView.swift */; };
		AA841C1229F00F8700B09A56 /* TweetTextEditor.swift in Sources */ = {isa = PBXBuildFile; fileRef = AA841C1129F00F8700B09A56 /* TweetTextEditor.swift */; };
		AA841C1829F0AF3400B09A56 /* LogInView.swift in Sources */ = {isa = PBXBuildFile; fileRef = AA841C1729F0AF3400B09A56 /* LogInView.swift */; };
		AA841C1C29F0AF5500B09A56 /* CreateAccountView.swift in Sources */ = {isa = PBXBuildFile; fileRef = AA841C1B29F0AF5500B09A56 /* CreateAccountView.swift */; };
		AA9A722F2A096FFD00DCC1E7 /* TweetRowViewModel.swift in Sources */ = {isa = PBXBuildFile; fileRef = AA9A722E2A096FFD00DCC1E7 /* TweetRowViewModel.swift */; };
		AA9EACCC29FAA952003F21E1 /* Kingfisher in Frameworks */ = {isa = PBXBuildFile; productRef = AA9EACCB29FAA952003F21E1 /* Kingfisher */; };
		AAA11C5329F95A9C00DD0837 /* UserService.swift in Sources */ = {isa = PBXBuildFile; fileRef = AAA11C5229F95A9C00DD0837 /* UserService.swift */; };
		AAA11C5529F95C5D00DD0837 /* User.swift in Sources */ = {isa = PBXBuildFile; fileRef = AAA11C5429F95C5D00DD0837 /* User.swift */; };
		AAAFCC0E29E849B800CCA835 /* TwitterClone.swift in Sources */ = {isa = PBXBuildFile; fileRef = AAAFCC0D29E849B800CCA835 /* TwitterClone.swift */; };
		AAAFCC1029E849B800CCA835 /* ContentView.swift in Sources */ = {isa = PBXBuildFile; fileRef = AAAFCC0F29E849B800CCA835 /* ContentView.swift */; };
		AAAFCC1229E849B900CCA835 /* Assets.xcassets in Resources */ = {isa = PBXBuildFile; fileRef = AAAFCC1129E849B900CCA835 /* Assets.xcassets */; };
		AAAFCC1529E849B900CCA835 /* Preview Assets.xcassets in Resources */ = {isa = PBXBuildFile; fileRef = AAAFCC1429E849B900CCA835 /* Preview Assets.xcassets */; };
		AAAFCC2C29E84ADE00CCA835 /* FeedView.swift in Sources */ = {isa = PBXBuildFile; fileRef = AAAFCC2B29E84ADE00CCA835 /* FeedView.swift */; };
		AAAFCC3029E84B7800CCA835 /* TweetRowView.swift in Sources */ = {isa = PBXBuildFile; fileRef = AAAFCC2F29E84B7700CCA835 /* TweetRowView.swift */; };
		AAAFCC3329E857CC00CCA835 /* MainTabView.swift in Sources */ = {isa = PBXBuildFile; fileRef = AAAFCC3229E857CC00CCA835 /* MainTabView.swift */; };
		AAAFCC3A29E85BA100CCA835 /* ExploreView.swift in Sources */ = {isa = PBXBuildFile; fileRef = AAAFCC3929E85BA100CCA835 /* ExploreView.swift */; };
		AAAFCC3C29E85BBB00CCA835 /* NotificationsView.swift in Sources */ = {isa = PBXBuildFile; fileRef = AAAFCC3B29E85BBB00CCA835 /* NotificationsView.swift */; };
		AAAFCC3E29E85BCF00CCA835 /* CommunitiesView.swift in Sources */ = {isa = PBXBuildFile; fileRef = AAAFCC3D29E85BCF00CCA835 /* CommunitiesView.swift */; };
		AAAFCC4029E85BE000CCA835 /* MessagesView.swift in Sources */ = {isa = PBXBuildFile; fileRef = AAAFCC3F29E85BE000CCA835 /* MessagesView.swift */; };
		AADE054D29FC6A6B005998C6 /* ExploreViewModel.swift in Sources */ = {isa = PBXBuildFile; fileRef = AADE054C29FC6A6B005998C6 /* ExploreViewModel.swift */; };
		AADE054F29FC77BC005998C6 /* SearchBar.swift in Sources */ = {isa = PBXBuildFile; fileRef = AADE054E29FC77BC005998C6 /* SearchBar.swift */; };
		AADE055129FC7FA9005998C6 /* ExploreSettingsView.swift in Sources */ = {isa = PBXBuildFile; fileRef = AADE055029FC7FA9005998C6 /* ExploreSettingsView.swift */; };
		AAFA752529E8BD7D0025D59B /* ProfileView.swift in Sources */ = {isa = PBXBuildFile; fileRef = AAFA752429E8BD7D0025D59B /* ProfileView.swift */; };
		AAFA752729E8BF1E0025D59B /* BackArrow.swift in Sources */ = {isa = PBXBuildFile; fileRef = AAFA752629E8BF1E0025D59B /* BackArrow.swift */; };
		AAFA752929E8C7FF0025D59B /* Color-twitterBlue.swift in Sources */ = {isa = PBXBuildFile; fileRef = AAFA752829E8C7FF0025D59B /* Color-twitterBlue.swift */; };
		AAFA752B29E9D7B50025D59B /* TweetFilterViewModel.swift in Sources */ = {isa = PBXBuildFile; fileRef = AAFA752A29E9D7B50025D59B /* TweetFilterViewModel.swift */; };
/* End PBXBuildFile section */

/* Begin PBXFileReference section */
		AA05EA0B29F71ECE00F736CF /* AuthViewModel.swift */ = {isa = PBXFileReference; lastKnownFileType = sourcecode.swift; path = AuthViewModel.swift; sourceTree = "<group>"; };
		AA05EA0D29F805CE00F736CF /* EditProfilePhotoView.swift */ = {isa = PBXFileReference; lastKnownFileType = sourcecode.swift; path = EditProfilePhotoView.swift; sourceTree = "<group>"; };
		AA05EA1029F80F4100F736CF /* ImagePicker.swift */ = {isa = PBXFileReference; lastKnownFileType = sourcecode.swift; path = ImagePicker.swift; sourceTree = "<group>"; };
		AA22853229EA1B2C005CB22A /* UserRowView.swift */ = {isa = PBXFileReference; lastKnownFileType = sourcecode.swift; path = UserRowView.swift; sourceTree = "<group>"; };
		AA22853429EA1D3F005CB22A /* BlueCheck.swift */ = {isa = PBXFileReference; lastKnownFileType = sourcecode.swift; path = BlueCheck.swift; sourceTree = "<group>"; };
		AA22853A29EAC597005CB22A /* SideMenuView.swift */ = {isa = PBXFileReference; lastKnownFileType = sourcecode.swift; path = SideMenuView.swift; sourceTree = "<group>"; };
		AA22853C29EAC59F005CB22A /* SideMenuRowView.swift */ = {isa = PBXFileReference; lastKnownFileType = sourcecode.swift; path = SideMenuRowView.swift; sourceTree = "<group>"; };
		AA22853E29EAC5B3005CB22A /* SideMenuFeaturesViewModel.swift */ = {isa = PBXFileReference; lastKnownFileType = sourcecode.swift; path = SideMenuFeaturesViewModel.swift; sourceTree = "<group>"; };
		AA22854029EAC764005CB22A /* SideMenuToolsViewModel.swift */ = {isa = PBXFileReference; lastKnownFileType = sourcecode.swift; path = SideMenuToolsViewModel.swift; sourceTree = "<group>"; };
		AA22854329EACB0F005CB22A /* TwitterBlueLogo.swift */ = {isa = PBXFileReference; lastKnownFileType = sourcecode.swift; path = TwitterBlueLogo.swift; sourceTree = "<group>"; };
		AA22854529EB1DD9005CB22A /* FollowingFollowersView.swift */ = {isa = PBXFileReference; lastKnownFileType = sourcecode.swift; path = FollowingFollowersView.swift; sourceTree = "<group>"; };
		AA22854729EBA088005CB22A /* TwitterLogo.swift */ = {isa = PBXFileReference; lastKnownFileType = sourcecode.swift; path = TwitterLogo.swift; sourceTree = "<group>"; };
		AA22854929EBA582005CB22A /* FeedType.swift */ = {isa = PBXFileReference; lastKnownFileType = sourcecode.swift; path = FeedType.swift; sourceTree = "<group>"; };
		AA2C74B629F5ADE90013A986 /* GoogleService-Info.plist */ = {isa = PBXFileReference; fileEncoding = 4; lastKnownFileType = text.plist.xml; path = "GoogleService-Info.plist"; sourceTree = "<group>"; };
		AA2C74C229F5B2820013A986 /* SignedOutView.swift */ = {isa = PBXFileReference; lastKnownFileType = sourcecode.swift; path = SignedOutView.swift; sourceTree = "<group>"; };
		AA2C74C529F5B7240013A986 /* AuthenticationOptionButton.swift */ = {isa = PBXFileReference; lastKnownFileType = sourcecode.swift; path = AuthenticationOptionButton.swift; sourceTree = "<group>"; };
		AA5FA9F72A0031CD00D894A3 /* TweetService.swift */ = {isa = PBXFileReference; lastKnownFileType = sourcecode.swift; path = TweetService.swift; sourceTree = "<group>"; };
		AA5FA9F92A00334900D894A3 /* UploadTweetViewModel.swift */ = {isa = PBXFileReference; lastKnownFileType = sourcecode.swift; path = UploadTweetViewModel.swift; sourceTree = "<group>"; };
		AA5FA9FB2A01831B00D894A3 /* FeedViewModel.swift */ = {isa = PBXFileReference; lastKnownFileType = sourcecode.swift; path = FeedViewModel.swift; sourceTree = "<group>"; };
		AA5FA9FD2A04511000D894A3 /* Tweet.swift */ = {isa = PBXFileReference; lastKnownFileType = sourcecode.swift; path = Tweet.swift; sourceTree = "<group>"; };
		AA5FAA002A05CE2A00D894A3 /* ProfileViewModel.swift */ = {isa = PBXFileReference; lastKnownFileType = sourcecode.swift; path = ProfileViewModel.swift; sourceTree = "<group>"; };
		AA65E9D429F8CBC500052F5F /* ImageUploader.swift */ = {isa = PBXFileReference; lastKnownFileType = sourcecode.swift; path = ImageUploader.swift; sourceTree = "<group>"; };
		AA841C0F29F00DD600B09A56 /* NewTweetView.swift */ = {isa = PBXFileReference; lastKnownFileType = sourcecode.swift; path = NewTweetView.swift; sourceTree = "<group>"; };
		AA841C1129F00F8700B09A56 /* TweetTextEditor.swift */ = {isa = PBXFileReference; lastKnownFileType = sourcecode.swift; path = TweetTextEditor.swift; sourceTree = "<group>"; };
		AA841C1729F0AF3400B09A56 /* LogInView.swift */ = {isa = PBXFileReference; lastKnownFileType = sourcecode.swift; path = LogInView.swift; sourceTree = "<group>"; };
		AA841C1B29F0AF5500B09A56 /* CreateAccountView.swift */ = {isa = PBXFileReference; lastKnownFileType = sourcecode.swift; path = CreateAccountView.swift; sourceTree = "<group>"; };
		AA9A722E2A096FFD00DCC1E7 /* TweetRowViewModel.swift */ = {isa = PBXFileReference; lastKnownFileType = sourcecode.swift; path = TweetRowViewModel.swift; sourceTree = "<group>"; };
		AAA11C5229F95A9C00DD0837 /* UserService.swift */ = {isa = PBXFileReference; lastKnownFileType = sourcecode.swift; path = UserService.swift; sourceTree = "<group>"; };
		AAA11C5429F95C5D00DD0837 /* User.swift */ = {isa = PBXFileReference; lastKnownFileType = sourcecode.swift; path = User.swift; sourceTree = "<group>"; };
		AAAFCC0A29E849B800CCA835 /* TwitterClone.app */ = {isa = PBXFileReference; explicitFileType = wrapper.application; includeInIndex = 0; path = TwitterClone.app; sourceTree = BUILT_PRODUCTS_DIR; };
		AAAFCC0D29E849B800CCA835 /* TwitterClone.swift */ = {isa = PBXFileReference; lastKnownFileType = sourcecode.swift; path = TwitterClone.swift; sourceTree = "<group>"; };
		AAAFCC0F29E849B800CCA835 /* ContentView.swift */ = {isa = PBXFileReference; lastKnownFileType = sourcecode.swift; path = ContentView.swift; sourceTree = "<group>"; };
		AAAFCC1129E849B900CCA835 /* Assets.xcassets */ = {isa = PBXFileReference; lastKnownFileType = folder.assetcatalog; path = Assets.xcassets; sourceTree = "<group>"; };
		AAAFCC1429E849B900CCA835 /* Preview Assets.xcassets */ = {isa = PBXFileReference; lastKnownFileType = folder.assetcatalog; path = "Preview Assets.xcassets"; sourceTree = "<group>"; };
		AAAFCC2B29E84ADE00CCA835 /* FeedView.swift */ = {isa = PBXFileReference; lastKnownFileType = sourcecode.swift; path = FeedView.swift; sourceTree = "<group>"; };
		AAAFCC2F29E84B7700CCA835 /* TweetRowView.swift */ = {isa = PBXFileReference; lastKnownFileType = sourcecode.swift; path = TweetRowView.swift; sourceTree = "<group>"; };
		AAAFCC3229E857CC00CCA835 /* MainTabView.swift */ = {isa = PBXFileReference; lastKnownFileType = sourcecode.swift; path = MainTabView.swift; sourceTree = "<group>"; };
		AAAFCC3929E85BA100CCA835 /* ExploreView.swift */ = {isa = PBXFileReference; lastKnownFileType = sourcecode.swift; path = ExploreView.swift; sourceTree = "<group>"; };
		AAAFCC3B29E85BBB00CCA835 /* NotificationsView.swift */ = {isa = PBXFileReference; lastKnownFileType = sourcecode.swift; path = NotificationsView.swift; sourceTree = "<group>"; };
		AAAFCC3D29E85BCF00CCA835 /* CommunitiesView.swift */ = {isa = PBXFileReference; lastKnownFileType = sourcecode.swift; path = CommunitiesView.swift; sourceTree = "<group>"; };
		AAAFCC3F29E85BE000CCA835 /* MessagesView.swift */ = {isa = PBXFileReference; lastKnownFileType = sourcecode.swift; path = MessagesView.swift; sourceTree = "<group>"; };
		AADE054C29FC6A6B005998C6 /* ExploreViewModel.swift */ = {isa = PBXFileReference; lastKnownFileType = sourcecode.swift; path = ExploreViewModel.swift; sourceTree = "<group>"; };
		AADE054E29FC77BC005998C6 /* SearchBar.swift */ = {isa = PBXFileReference; lastKnownFileType = sourcecode.swift; path = SearchBar.swift; sourceTree = "<group>"; };
		AADE055029FC7FA9005998C6 /* ExploreSettingsView.swift */ = {isa = PBXFileReference; lastKnownFileType = sourcecode.swift; path = ExploreSettingsView.swift; sourceTree = "<group>"; };
		AAFA752429E8BD7D0025D59B /* ProfileView.swift */ = {isa = PBXFileReference; lastKnownFileType = sourcecode.swift; path = ProfileView.swift; sourceTree = "<group>"; };
		AAFA752629E8BF1E0025D59B /* BackArrow.swift */ = {isa = PBXFileReference; lastKnownFileType = sourcecode.swift; path = BackArrow.swift; sourceTree = "<group>"; };
		AAFA752829E8C7FF0025D59B /* Color-twitterBlue.swift */ = {isa = PBXFileReference; lastKnownFileType = sourcecode.swift; path = "Color-twitterBlue.swift"; sourceTree = "<group>"; };
		AAFA752A29E9D7B50025D59B /* TweetFilterViewModel.swift */ = {isa = PBXFileReference; lastKnownFileType = sourcecode.swift; path = TweetFilterViewModel.swift; sourceTree = "<group>"; };
/* End PBXFileReference section */

/* Begin PBXFrameworksBuildPhase section */
		AAAFCC0729E849B800CCA835 /* Frameworks */ = {
			isa = PBXFrameworksBuildPhase;
			buildActionMask = 2147483647;
			files = (
				AA2C74BA29F5AE710013A986 /* FirebaseAuth in Frameworks */,
				AA2C74C029F5AE710013A986 /* FirebaseStorage in Frameworks */,
				AA2C74BC29F5AE710013A986 /* FirebaseFirestore in Frameworks */,
				AA2C74BE29F5AE710013A986 /* FirebaseFirestoreSwift in Frameworks */,
				AA9EACCC29FAA952003F21E1 /* Kingfisher in Frameworks */,
			);
			runOnlyForDeploymentPostprocessing = 0;
		};
/* End PBXFrameworksBuildPhase section */

/* Begin PBXGroup section */
		AA05EA0F29F80F3500F736CF /* Utilities */ = {
			isa = PBXGroup;
			children = (
				AA05EA1029F80F4100F736CF /* ImagePicker.swift */,
			);
			path = Utilities;
			sourceTree = "<group>";
		};
		AA22852F29EA1B04005CB22A /* Views */ = {
			isa = PBXGroup;
			children = (
				AAAFCC3929E85BA100CCA835 /* ExploreView.swift */,
				AADE055029FC7FA9005998C6 /* ExploreSettingsView.swift */,
			);
			path = Views;
			sourceTree = "<group>";
		};
		AA22853029EA1B06005CB22A /* ViewModels */ = {
			isa = PBXGroup;
			children = (
				AADE054C29FC6A6B005998C6 /* ExploreViewModel.swift */,
			);
			path = ViewModels;
			sourceTree = "<group>";
		};
		AA22853129EA1B1F005CB22A /* Users */ = {
			isa = PBXGroup;
			children = (
				AA22853229EA1B2C005CB22A /* UserRowView.swift */,
				AA22854529EB1DD9005CB22A /* FollowingFollowersView.swift */,
			);
			path = Users;
			sourceTree = "<group>";
		};
		AA22853629EAC565005CB22A /* SideMenu */ = {
			isa = PBXGroup;
			children = (
				AA22853929EAC57F005CB22A /* ViewModels */,
				AA22853729EAC56D005CB22A /* Views */,
			);
			path = SideMenu;
			sourceTree = "<group>";
		};
		AA22853729EAC56D005CB22A /* Views */ = {
			isa = PBXGroup;
			children = (
				AA22853C29EAC59F005CB22A /* SideMenuRowView.swift */,
				AA22853A29EAC597005CB22A /* SideMenuView.swift */,
			);
			path = Views;
			sourceTree = "<group>";
		};
		AA22853929EAC57F005CB22A /* ViewModels */ = {
			isa = PBXGroup;
			children = (
				AA22853E29EAC5B3005CB22A /* SideMenuFeaturesViewModel.swift */,
				AA22854029EAC764005CB22A /* SideMenuToolsViewModel.swift */,
			);
			path = ViewModels;
			sourceTree = "<group>";
		};
		AA22854229EACAF6005CB22A /* Twitter */ = {
			isa = PBXGroup;
			children = (
				AA22853429EA1D3F005CB22A /* BlueCheck.swift */,
				AA22854329EACB0F005CB22A /* TwitterBlueLogo.swift */,
				AA22854729EBA088005CB22A /* TwitterLogo.swift */,
				AADE054E29FC77BC005998C6 /* SearchBar.swift */,
			);
			path = Twitter;
			sourceTree = "<group>";
		};
		AA2C74C429F5B7130013A986 /* Buttons */ = {
			isa = PBXGroup;
			children = (
				AA2C74C529F5B7240013A986 /* AuthenticationOptionButton.swift */,
				AAFA752629E8BF1E0025D59B /* BackArrow.swift */,
			);
			path = Buttons;
			sourceTree = "<group>";
		};
		AA841C0A29F00DA000B09A56 /* NewTweet */ = {
			isa = PBXGroup;
			children = (
				AADE055229FFE1FE005998C6 /* ViewModels */,
				AA841C0C29F00DBC00B09A56 /* Views */,
			);
			path = NewTweet;
			sourceTree = "<group>";
		};
		AA841C0C29F00DBC00B09A56 /* Views */ = {
			isa = PBXGroup;
			children = (
				AA841C0F29F00DD600B09A56 /* NewTweetView.swift */,
			);
			path = Views;
			sourceTree = "<group>";
		};
		AA841C1329F0AED200B09A56 /* Authentication */ = {
			isa = PBXGroup;
			children = (
				AA841C1529F0AEDA00B09A56 /* ViewModels */,
				AA841C1429F0AED800B09A56 /* Views */,
			);
			path = Authentication;
			sourceTree = "<group>";
		};
		AA841C1429F0AED800B09A56 /* Views */ = {
			isa = PBXGroup;
			children = (
				AA841C1729F0AF3400B09A56 /* LogInView.swift */,
				AA841C1B29F0AF5500B09A56 /* CreateAccountView.swift */,
				AA2C74C229F5B2820013A986 /* SignedOutView.swift */,
			);
			path = Views;
			sourceTree = "<group>";
		};
		AA841C1529F0AEDA00B09A56 /* ViewModels */ = {
			isa = PBXGroup;
			children = (
				AA05EA0B29F71ECE00F736CF /* AuthViewModel.swift */,
			);
			path = ViewModels;
			sourceTree = "<group>";
		};
		AA9A722C2A096FB800DCC1E7 /* ViewModels */ = {
			isa = PBXGroup;
			children = (
				AA9A722E2A096FFD00DCC1E7 /* TweetRowViewModel.swift */,
			);
			path = ViewModels;
			sourceTree = "<group>";
		};
		AA9A722D2A096FBD00DCC1E7 /* Views */ = {
			isa = PBXGroup;
			children = (
				AAAFCC2F29E84B7700CCA835 /* TweetRowView.swift */,
				AA841C1129F00F8700B09A56 /* TweetTextEditor.swift */,
			);
			path = Views;
			sourceTree = "<group>";
		};
		AAAFCC0129E849B800CCA835 = {
			isa = PBXGroup;
			children = (
				AAAFCC0C29E849B800CCA835 /* TwitterClone */,
				AAAFCC0B29E849B800CCA835 /* Products */,
			);
			sourceTree = "<group>";
		};
		AAAFCC0B29E849B800CCA835 /* Products */ = {
			isa = PBXGroup;
			children = (
				AAAFCC0A29E849B800CCA835 /* TwitterClone.app */,
			);
			name = Products;
			sourceTree = "<group>";
		};
		AAAFCC0C29E849B800CCA835 /* TwitterClone */ = {
			isa = PBXGroup;
			children = (
				AA05EA0F29F80F3500F736CF /* Utilities */,
				AAAFCC2629E84A6400CCA835 /* Extensions */,
				AAAFCC2529E84A6200CCA835 /* Model */,
				AAAFCC2429E84A5F00CCA835 /* Service */,
				AAAFCC2029E84A4D00CCA835 /* Core */,
				AAAFCC0D29E849B800CCA835 /* TwitterClone.swift */,
				AAAFCC0F29E849B800CCA835 /* ContentView.swift */,
				AAAFCC1129E849B900CCA835 /* Assets.xcassets */,
				AA2C74B629F5ADE90013A986 /* GoogleService-Info.plist */,
				AAAFCC1329E849B900CCA835 /* Preview Content */,
			);
			path = TwitterClone;
			sourceTree = "<group>";
		};
		AAAFCC1329E849B900CCA835 /* Preview Content */ = {
			isa = PBXGroup;
			children = (
				AAAFCC1429E849B900CCA835 /* Preview Assets.xcassets */,
			);
			path = "Preview Content";
			sourceTree = "<group>";
		};
		AAAFCC2029E84A4D00CCA835 /* Core */ = {
			isa = PBXGroup;
			children = (
				AAAFCC2729E84A7100CCA835 /* Components */,
				AA841C1329F0AED200B09A56 /* Authentication */,
				AA841C0A29F00DA000B09A56 /* NewTweet */,
				AA22853629EAC565005CB22A /* SideMenu */,
				AAAFCC3729E85B4600CCA835 /* Profile */,
				AAAFCC3629E85B2D00CCA835 /* Explore */,
				AAAFCC3529E85B2B00CCA835 /* Notifications */,
				AAAFCC3829E85B6100CCA835 /* Communities */,
				AAAFCC3429E85B2800CCA835 /* Messages */,
				AAAFCC3129E857BD00CCA835 /* MainTab */,
				AAAFCC2829E84A7900CCA835 /* Feed */,
			);
			path = Core;
			sourceTree = "<group>";
		};
		AAAFCC2429E84A5F00CCA835 /* Service */ = {
			isa = PBXGroup;
			children = (
				AA65E9D429F8CBC500052F5F /* ImageUploader.swift */,
				AAA11C5229F95A9C00DD0837 /* UserService.swift */,
				AA5FA9F72A0031CD00D894A3 /* TweetService.swift */,
			);
			path = Service;
			sourceTree = "<group>";
		};
		AAAFCC2529E84A6200CCA835 /* Model */ = {
			isa = PBXGroup;
			children = (
				AAA11C5429F95C5D00DD0837 /* User.swift */,
				AA5FA9FD2A04511000D894A3 /* Tweet.swift */,
			);
			path = Model;
			sourceTree = "<group>";
		};
		AAAFCC2629E84A6400CCA835 /* Extensions */ = {
			isa = PBXGroup;
			children = (
				AAFA752829E8C7FF0025D59B /* Color-twitterBlue.swift */,
			);
			path = Extensions;
			sourceTree = "<group>";
		};
		AAAFCC2729E84A7100CCA835 /* Components */ = {
			isa = PBXGroup;
			children = (
				AA2C74C429F5B7130013A986 /* Buttons */,
				AA22854229EACAF6005CB22A /* Twitter */,
				AA22853129EA1B1F005CB22A /* Users */,
				AAAFCC2D29E84B4800CCA835 /* Tweets */,
			);
			path = Components;
			sourceTree = "<group>";
		};
		AAAFCC2829E84A7900CCA835 /* Feed */ = {
			isa = PBXGroup;
			children = (
				AAAFCC2A29E84ABB00CCA835 /* ViewModels */,
				AAAFCC2929E84AB900CCA835 /* View */,
			);
			path = Feed;
			sourceTree = "<group>";
		};
		AAAFCC2929E84AB900CCA835 /* View */ = {
			isa = PBXGroup;
			children = (
				AAAFCC2B29E84ADE00CCA835 /* FeedView.swift */,
			);
			path = View;
			sourceTree = "<group>";
		};
		AAAFCC2A29E84ABB00CCA835 /* ViewModels */ = {
			isa = PBXGroup;
			children = (
				AA22854929EBA582005CB22A /* FeedType.swift */,
				AA5FA9FB2A01831B00D894A3 /* FeedViewModel.swift */,
			);
			path = ViewModels;
			sourceTree = "<group>";
		};
		AAAFCC2D29E84B4800CCA835 /* Tweets */ = {
			isa = PBXGroup;
			children = (
				AA9A722C2A096FB800DCC1E7 /* ViewModels */,
				AA9A722D2A096FBD00DCC1E7 /* Views */,
			);
			path = Tweets;
			sourceTree = "<group>";
		};
		AAAFCC3129E857BD00CCA835 /* MainTab */ = {
			isa = PBXGroup;
			children = (
				AAAFCC3229E857CC00CCA835 /* MainTabView.swift */,
			);
			path = MainTab;
			sourceTree = "<group>";
		};
		AAAFCC3429E85B2800CCA835 /* Messages */ = {
			isa = PBXGroup;
			children = (
				AAAFCC3F29E85BE000CCA835 /* MessagesView.swift */,
			);
			path = Messages;
			sourceTree = "<group>";
		};
		AAAFCC3529E85B2B00CCA835 /* Notifications */ = {
			isa = PBXGroup;
			children = (
				AAAFCC3B29E85BBB00CCA835 /* NotificationsView.swift */,
			);
			path = Notifications;
			sourceTree = "<group>";
		};
		AAAFCC3629E85B2D00CCA835 /* Explore */ = {
			isa = PBXGroup;
			children = (
				AA22853029EA1B06005CB22A /* ViewModels */,
				AA22852F29EA1B04005CB22A /* Views */,
			);
			path = Explore;
			sourceTree = "<group>";
		};
		AAAFCC3729E85B4600CCA835 /* Profile */ = {
			isa = PBXGroup;
			children = (
				AAFA752229E8BD660025D59B /* ViewModels */,
				AAFA752129E8BD630025D59B /* Views */,
			);
			path = Profile;
			sourceTree = "<group>";
		};
		AAAFCC3829E85B6100CCA835 /* Communities */ = {
			isa = PBXGroup;
			children = (
				AAAFCC3D29E85BCF00CCA835 /* CommunitiesView.swift */,
			);
			path = Communities;
			sourceTree = "<group>";
		};
		AADE055229FFE1FE005998C6 /* ViewModels */ = {
			isa = PBXGroup;
			children = (
				AA5FA9F92A00334900D894A3 /* UploadTweetViewModel.swift */,
			);
			path = ViewModels;
			sourceTree = "<group>";
		};
		AAFA752129E8BD630025D59B /* Views */ = {
			isa = PBXGroup;
			children = (
				AAFA752429E8BD7D0025D59B /* ProfileView.swift */,
				AA05EA0D29F805CE00F736CF /* EditProfilePhotoView.swift */,
			);
			path = Views;
			sourceTree = "<group>";
		};
		AAFA752229E8BD660025D59B /* ViewModels */ = {
			isa = PBXGroup;
			children = (
				AAFA752A29E9D7B50025D59B /* TweetFilterViewModel.swift */,
				AA5FAA002A05CE2A00D894A3 /* ProfileViewModel.swift */,
			);
			path = ViewModels;
			sourceTree = "<group>";
		};
/* End PBXGroup section */

/* Begin PBXNativeTarget section */
		AAAFCC0929E849B800CCA835 /* TwitterClone */ = {
			isa = PBXNativeTarget;
			buildConfigurationList = AAAFCC1D29E849B900CCA835 /* Build configuration list for PBXNativeTarget "TwitterClone" */;
			buildPhases = (
				AAAFCC0629E849B800CCA835 /* Sources */,
				AAAFCC0729E849B800CCA835 /* Frameworks */,
				AAAFCC0829E849B800CCA835 /* Resources */,
			);
			buildRules = (
			);
			dependencies = (
			);
			name = TwitterClone;
			packageProductDependencies = (
				AA2C74B929F5AE710013A986 /* FirebaseAuth */,
				AA2C74BB29F5AE710013A986 /* FirebaseFirestore */,
				AA2C74BD29F5AE710013A986 /* FirebaseFirestoreSwift */,
				AA2C74BF29F5AE710013A986 /* FirebaseStorage */,
				AA9EACCB29FAA952003F21E1 /* Kingfisher */,
			);
			productName = Versa;
			productReference = AAAFCC0A29E849B800CCA835 /* TwitterClone.app */;
			productType = "com.apple.product-type.application";
		};
/* End PBXNativeTarget section */

/* Begin PBXProject section */
		AAAFCC0229E849B800CCA835 /* Project object */ = {
			isa = PBXProject;
			attributes = {
				BuildIndependentTargetsInParallel = 1;
				LastSwiftUpdateCheck = 1430;
				LastUpgradeCheck = 1430;
				TargetAttributes = {
					AAAFCC0929E849B800CCA835 = {
						CreatedOnToolsVersion = 14.3;
					};
				};
			};
			buildConfigurationList = AAAFCC0529E849B800CCA835 /* Build configuration list for PBXProject "TwitterClone" */;
			compatibilityVersion = "Xcode 14.0";
			developmentRegion = en;
			hasScannedForEncodings = 0;
			knownRegions = (
				en,
				Base,
			);
			mainGroup = AAAFCC0129E849B800CCA835;
			packageReferences = (
				AA2C74B829F5AE710013A986 /* XCRemoteSwiftPackageReference "firebase-ios-sdk" */,
				AA9EACCA29FAA952003F21E1 /* XCRemoteSwiftPackageReference "Kingfisher" */,
			);
			productRefGroup = AAAFCC0B29E849B800CCA835 /* Products */;
			projectDirPath = "";
			projectRoot = "";
			targets = (
				AAAFCC0929E849B800CCA835 /* TwitterClone */,
			);
		};
/* End PBXProject section */

/* Begin PBXResourcesBuildPhase section */
		AAAFCC0829E849B800CCA835 /* Resources */ = {
			isa = PBXResourcesBuildPhase;
			buildActionMask = 2147483647;
			files = (
				AAAFCC1529E849B900CCA835 /* Preview Assets.xcassets in Resources */,
				AAAFCC1229E849B900CCA835 /* Assets.xcassets in Resources */,
				AA2C74B729F5ADE90013A986 /* GoogleService-Info.plist in Resources */,
			);
			runOnlyForDeploymentPostprocessing = 0;
		};
/* End PBXResourcesBuildPhase section */

/* Begin PBXSourcesBuildPhase section */
		AAAFCC0629E849B800CCA835 /* Sources */ = {
			isa = PBXSourcesBuildPhase;
			buildActionMask = 2147483647;
			files = (
				AADE054F29FC77BC005998C6 /* SearchBar.swift in Sources */,
				AA22853329EA1B2C005CB22A /* UserRowView.swift in Sources */,
				AAAFCC3E29E85BCF00CCA835 /* CommunitiesView.swift in Sources */,
				AA5FA9FE2A04511000D894A3 /* Tweet.swift in Sources */,
				AA22853B29EAC597005CB22A /* SideMenuView.swift in Sources */,
				AAAFCC1029E849B800CCA835 /* ContentView.swift in Sources */,
				AA22853F29EAC5B3005CB22A /* SideMenuFeaturesViewModel.swift in Sources */,
				AA9A722F2A096FFD00DCC1E7 /* TweetRowViewModel.swift in Sources */,
				AAFA752529E8BD7D0025D59B /* ProfileView.swift in Sources */,
				AA5FA9FC2A01831B00D894A3 /* FeedViewModel.swift in Sources */,
				AAA11C5329F95A9C00DD0837 /* UserService.swift in Sources */,
				AA22854429EACB0F005CB22A /* TwitterBlueLogo.swift in Sources */,
				AAAFCC4029E85BE000CCA835 /* MessagesView.swift in Sources */,
				AA22854829EBA088005CB22A /* TwitterLogo.swift in Sources */,
				AADE055129FC7FA9005998C6 /* ExploreSettingsView.swift in Sources */,
				AAAFCC3029E84B7800CCA835 /* TweetRowView.swift in Sources */,
				AA22854129EAC764005CB22A /* SideMenuToolsViewModel.swift in Sources */,
				AA22854629EB1DD9005CB22A /* FollowingFollowersView.swift in Sources */,
				AAA11C5529F95C5D00DD0837 /* User.swift in Sources */,
				AA841C1829F0AF3400B09A56 /* LogInView.swift in Sources */,
				AA05EA1129F80F4100F736CF /* ImagePicker.swift in Sources */,
				AA65E9D529F8CBC500052F5F /* ImageUploader.swift in Sources */,
				AA22853D29EAC59F005CB22A /* SideMenuRowView.swift in Sources */,
				AAFA752929E8C7FF0025D59B /* Color-twitterBlue.swift in Sources */,
				AAAFCC2C29E84ADE00CCA835 /* FeedView.swift in Sources */,
				AA841C1C29F0AF5500B09A56 /* CreateAccountView.swift in Sources */,
				AAAFCC0E29E849B800CCA835 /* TwitterClone.swift in Sources */,
				AA841C1229F00F8700B09A56 /* TweetTextEditor.swift in Sources */,
				AAAFCC3A29E85BA100CCA835 /* ExploreView.swift in Sources */,
				AA5FAA012A05CE2A00D894A3 /* ProfileViewModel.swift in Sources */,
				AADE054D29FC6A6B005998C6 /* ExploreViewModel.swift in Sources */,
				AAAFCC3329E857CC00CCA835 /* MainTabView.swift in Sources */,
				AA2C74C329F5B2820013A986 /* SignedOutView.swift in Sources */,
				AA05EA0E29F805CE00F736CF /* EditProfilePhotoView.swift in Sources */,
				AA2C74C629F5B7240013A986 /* AuthenticationOptionButton.swift in Sources */,
				AA5FA9FA2A00334900D894A3 /* UploadTweetViewModel.swift in Sources */,
				AAFA752B29E9D7B50025D59B /* TweetFilterViewModel.swift in Sources */,
				AA841C1029F00DD600B09A56 /* NewTweetView.swift in Sources */,
				AA22853529EA1D3F005CB22A /* BlueCheck.swift in Sources */,
				AA05EA0C29F71ECE00F736CF /* AuthViewModel.swift in Sources */,
				AAFA752729E8BF1E0025D59B /* BackArrow.swift in Sources */,
				AAAFCC3C29E85BBB00CCA835 /* NotificationsView.swift in Sources */,
				AA22854A29EBA582005CB22A /* FeedType.swift in Sources */,
				AA5FA9F82A0031CD00D894A3 /* TweetService.swift in Sources */,
			);
			runOnlyForDeploymentPostprocessing = 0;
		};
/* End PBXSourcesBuildPhase section */

/* Begin XCBuildConfiguration section */
		AAAFCC1B29E849B900CCA835 /* Debug */ = {
			isa = XCBuildConfiguration;
			buildSettings = {
				ALWAYS_SEARCH_USER_PATHS = NO;
				CLANG_ANALYZER_NONNULL = YES;
				CLANG_ANALYZER_NUMBER_OBJECT_CONVERSION = YES_AGGRESSIVE;
				CLANG_CXX_LANGUAGE_STANDARD = "gnu++20";
				CLANG_ENABLE_MODULES = YES;
				CLANG_ENABLE_OBJC_ARC = YES;
				CLANG_ENABLE_OBJC_WEAK = YES;
				CLANG_WARN_BLOCK_CAPTURE_AUTORELEASING = YES;
				CLANG_WARN_BOOL_CONVERSION = YES;
				CLANG_WARN_COMMA = YES;
				CLANG_WARN_CONSTANT_CONVERSION = YES;
				CLANG_WARN_DEPRECATED_OBJC_IMPLEMENTATIONS = YES;
				CLANG_WARN_DIRECT_OBJC_ISA_USAGE = YES_ERROR;
				CLANG_WARN_DOCUMENTATION_COMMENTS = YES;
				CLANG_WARN_EMPTY_BODY = YES;
				CLANG_WARN_ENUM_CONVERSION = YES;
				CLANG_WARN_INFINITE_RECURSION = YES;
				CLANG_WARN_INT_CONVERSION = YES;
				CLANG_WARN_NON_LITERAL_NULL_CONVERSION = YES;
				CLANG_WARN_OBJC_IMPLICIT_RETAIN_SELF = YES;
				CLANG_WARN_OBJC_LITERAL_CONVERSION = YES;
				CLANG_WARN_OBJC_ROOT_CLASS = YES_ERROR;
				CLANG_WARN_QUOTED_INCLUDE_IN_FRAMEWORK_HEADER = YES;
				CLANG_WARN_RANGE_LOOP_ANALYSIS = YES;
				CLANG_WARN_STRICT_PROTOTYPES = YES;
				CLANG_WARN_SUSPICIOUS_MOVE = YES;
				CLANG_WARN_UNGUARDED_AVAILABILITY = YES_AGGRESSIVE;
				CLANG_WARN_UNREACHABLE_CODE = YES;
				CLANG_WARN__DUPLICATE_METHOD_MATCH = YES;
				COPY_PHASE_STRIP = NO;
				DEBUG_INFORMATION_FORMAT = dwarf;
				ENABLE_STRICT_OBJC_MSGSEND = YES;
				ENABLE_TESTABILITY = YES;
				GCC_C_LANGUAGE_STANDARD = gnu11;
				GCC_DYNAMIC_NO_PIC = NO;
				GCC_NO_COMMON_BLOCKS = YES;
				GCC_OPTIMIZATION_LEVEL = 0;
				GCC_PREPROCESSOR_DEFINITIONS = (
					"DEBUG=1",
					"$(inherited)",
				);
				GCC_WARN_64_TO_32_BIT_CONVERSION = YES;
				GCC_WARN_ABOUT_RETURN_TYPE = YES_ERROR;
				GCC_WARN_UNDECLARED_SELECTOR = YES;
				GCC_WARN_UNINITIALIZED_AUTOS = YES_AGGRESSIVE;
				GCC_WARN_UNUSED_FUNCTION = YES;
				GCC_WARN_UNUSED_VARIABLE = YES;
				IPHONEOS_DEPLOYMENT_TARGET = 16.4;
				MTL_ENABLE_DEBUG_INFO = INCLUDE_SOURCE;
				MTL_FAST_MATH = YES;
				ONLY_ACTIVE_ARCH = YES;
				SDKROOT = iphoneos;
				SWIFT_ACTIVE_COMPILATION_CONDITIONS = DEBUG;
				SWIFT_OPTIMIZATION_LEVEL = "-Onone";
			};
			name = Debug;
		};
		AAAFCC1C29E849B900CCA835 /* Release */ = {
			isa = XCBuildConfiguration;
			buildSettings = {
				ALWAYS_SEARCH_USER_PATHS = NO;
				CLANG_ANALYZER_NONNULL = YES;
				CLANG_ANALYZER_NUMBER_OBJECT_CONVERSION = YES_AGGRESSIVE;
				CLANG_CXX_LANGUAGE_STANDARD = "gnu++20";
				CLANG_ENABLE_MODULES = YES;
				CLANG_ENABLE_OBJC_ARC = YES;
				CLANG_ENABLE_OBJC_WEAK = YES;
				CLANG_WARN_BLOCK_CAPTURE_AUTORELEASING = YES;
				CLANG_WARN_BOOL_CONVERSION = YES;
				CLANG_WARN_COMMA = YES;
				CLANG_WARN_CONSTANT_CONVERSION = YES;
				CLANG_WARN_DEPRECATED_OBJC_IMPLEMENTATIONS = YES;
				CLANG_WARN_DIRECT_OBJC_ISA_USAGE = YES_ERROR;
				CLANG_WARN_DOCUMENTATION_COMMENTS = YES;
				CLANG_WARN_EMPTY_BODY = YES;
				CLANG_WARN_ENUM_CONVERSION = YES;
				CLANG_WARN_INFINITE_RECURSION = YES;
				CLANG_WARN_INT_CONVERSION = YES;
				CLANG_WARN_NON_LITERAL_NULL_CONVERSION = YES;
				CLANG_WARN_OBJC_IMPLICIT_RETAIN_SELF = YES;
				CLANG_WARN_OBJC_LITERAL_CONVERSION = YES;
				CLANG_WARN_OBJC_ROOT_CLASS = YES_ERROR;
				CLANG_WARN_QUOTED_INCLUDE_IN_FRAMEWORK_HEADER = YES;
				CLANG_WARN_RANGE_LOOP_ANALYSIS = YES;
				CLANG_WARN_STRICT_PROTOTYPES = YES;
				CLANG_WARN_SUSPICIOUS_MOVE = YES;
				CLANG_WARN_UNGUARDED_AVAILABILITY = YES_AGGRESSIVE;
				CLANG_WARN_UNREACHABLE_CODE = YES;
				CLANG_WARN__DUPLICATE_METHOD_MATCH = YES;
				COPY_PHASE_STRIP = NO;
				DEBUG_INFORMATION_FORMAT = "dwarf-with-dsym";
				ENABLE_NS_ASSERTIONS = NO;
				ENABLE_STRICT_OBJC_MSGSEND = YES;
				GCC_C_LANGUAGE_STANDARD = gnu11;
				GCC_NO_COMMON_BLOCKS = YES;
				GCC_WARN_64_TO_32_BIT_CONVERSION = YES;
				GCC_WARN_ABOUT_RETURN_TYPE = YES_ERROR;
				GCC_WARN_UNDECLARED_SELECTOR = YES;
				GCC_WARN_UNINITIALIZED_AUTOS = YES_AGGRESSIVE;
				GCC_WARN_UNUSED_FUNCTION = YES;
				GCC_WARN_UNUSED_VARIABLE = YES;
				IPHONEOS_DEPLOYMENT_TARGET = 16.4;
				MTL_ENABLE_DEBUG_INFO = NO;
				MTL_FAST_MATH = YES;
				SDKROOT = iphoneos;
				SWIFT_COMPILATION_MODE = wholemodule;
				SWIFT_OPTIMIZATION_LEVEL = "-O";
				VALIDATE_PRODUCT = YES;
			};
			name = Release;
		};
		AAAFCC1E29E849B900CCA835 /* Debug */ = {
			isa = XCBuildConfiguration;
			buildSettings = {
				ASSETCATALOG_COMPILER_APPICON_NAME = AppIcon;
				ASSETCATALOG_COMPILER_GLOBAL_ACCENT_COLOR_NAME = AccentColor;
				CODE_SIGN_STYLE = Automatic;
				CURRENT_PROJECT_VERSION = 1;
				DEVELOPMENT_ASSET_PATHS = "\"TwitterClone/Preview Content\"";
				ENABLE_PREVIEWS = YES;
				GENERATE_INFOPLIST_FILE = YES;
				INFOPLIST_KEY_CFBundleDisplayName = TwitterClone;
				INFOPLIST_KEY_UIApplicationSceneManifest_Generation = YES;
				INFOPLIST_KEY_UIApplicationSupportsIndirectInputEvents = YES;
				INFOPLIST_KEY_UILaunchScreen_Generation = YES;
				INFOPLIST_KEY_UISupportedInterfaceOrientations_iPad = "UIInterfaceOrientationPortrait UIInterfaceOrientationPortraitUpsideDown UIInterfaceOrientationLandscapeLeft UIInterfaceOrientationLandscapeRight";
				INFOPLIST_KEY_UISupportedInterfaceOrientations_iPhone = "UIInterfaceOrientationPortrait UIInterfaceOrientationLandscapeLeft UIInterfaceOrientationLandscapeRight";
				LD_RUNPATH_SEARCH_PATHS = (
					"$(inherited)",
					"@executable_path/Frameworks",
				);
				MARKETING_VERSION = 1.0;
				PRODUCT_BUNDLE_IDENTIFIER = ChristianLavelle.TwitterClone;
				PRODUCT_NAME = "$(TARGET_NAME)";
				SWIFT_EMIT_LOC_STRINGS = YES;
				SWIFT_VERSION = 5.0;
				TARGETED_DEVICE_FAMILY = "1,2";
			};
			name = Debug;
		};
		AAAFCC1F29E849B900CCA835 /* Release */ = {
			isa = XCBuildConfiguration;
			buildSettings = {
				ASSETCATALOG_COMPILER_APPICON_NAME = AppIcon;
				ASSETCATALOG_COMPILER_GLOBAL_ACCENT_COLOR_NAME = AccentColor;
				CODE_SIGN_STYLE = Automatic;
				CURRENT_PROJECT_VERSION = 1;
				DEVELOPMENT_ASSET_PATHS = "\"TwitterClone/Preview Content\"";
				ENABLE_PREVIEWS = YES;
				GENERATE_INFOPLIST_FILE = YES;
				INFOPLIST_KEY_CFBundleDisplayName = TwitterClone;
				INFOPLIST_KEY_UIApplicationSceneManifest_Generation = YES;
				INFOPLIST_KEY_UIApplicationSupportsIndirectInputEvents = YES;
				INFOPLIST_KEY_UILaunchScreen_Generation = YES;
				INFOPLIST_KEY_UISupportedInterfaceOrientations_iPad = "UIInterfaceOrientationPortrait UIInterfaceOrientationPortraitUpsideDown UIInterfaceOrientationLandscapeLeft UIInterfaceOrientationLandscapeRight";
				INFOPLIST_KEY_UISupportedInterfaceOrientations_iPhone = "UIInterfaceOrientationPortrait UIInterfaceOrientationLandscapeLeft UIInterfaceOrientationLandscapeRight";
				LD_RUNPATH_SEARCH_PATHS = (
					"$(inherited)",
					"@executable_path/Frameworks",
				);
				MARKETING_VERSION = 1.0;
				PRODUCT_BUNDLE_IDENTIFIER = ChristianLavelle.TwitterClone;
				PRODUCT_NAME = "$(TARGET_NAME)";
				SWIFT_EMIT_LOC_STRINGS = YES;
				SWIFT_VERSION = 5.0;
				TARGETED_DEVICE_FAMILY = "1,2";
			};
			name = Release;
		};
/* End XCBuildConfiguration section */

/* Begin XCConfigurationList section */
		AAAFCC0529E849B800CCA835 /* Build configuration list for PBXProject "TwitterClone" */ = {
			isa = XCConfigurationList;
			buildConfigurations = (
				AAAFCC1B29E849B900CCA835 /* Debug */,
				AAAFCC1C29E849B900CCA835 /* Release */,
			);
			defaultConfigurationIsVisible = 0;
			defaultConfigurationName = Release;
		};
		AAAFCC1D29E849B900CCA835 /* Build configuration list for PBXNativeTarget "TwitterClone" */ = {
			isa = XCConfigurationList;
			buildConfigurations = (
				AAAFCC1E29E849B900CCA835 /* Debug */,
				AAAFCC1F29E849B900CCA835 /* Release */,
			);
			defaultConfigurationIsVisible = 0;
			defaultConfigurationName = Release;
		};
/* End XCConfigurationList section */

/* Begin XCRemoteSwiftPackageReference section */
		AA2C74B829F5AE710013A986 /* XCRemoteSwiftPackageReference "firebase-ios-sdk" */ = {
			isa = XCRemoteSwiftPackageReference;
			repositoryURL = "https://github.com/firebase/firebase-ios-sdk";
			requirement = {
				kind = upToNextMajorVersion;
				minimumVersion = 10.0.0;
			};
		};
		AA9EACCA29FAA952003F21E1 /* XCRemoteSwiftPackageReference "Kingfisher" */ = {
			isa = XCRemoteSwiftPackageReference;
			repositoryURL = "https://github.com/onevcat/Kingfisher.git";
			requirement = {
				kind = upToNextMajorVersion;
				minimumVersion = 7.0.0;
			};
		};
/* End XCRemoteSwiftPackageReference section */

/* Begin XCSwiftPackageProductDependency section */
		AA2C74B929F5AE710013A986 /* FirebaseAuth */ = {
			isa = XCSwiftPackageProductDependency;
			package = AA2C74B829F5AE710013A986 /* XCRemoteSwiftPackageReference "firebase-ios-sdk" */;
			productName = FirebaseAuth;
		};
		AA2C74BB29F5AE710013A986 /* FirebaseFirestore */ = {
			isa = XCSwiftPackageProductDependency;
			package = AA2C74B829F5AE710013A986 /* XCRemoteSwiftPackageReference "firebase-ios-sdk" */;
			productName = FirebaseFirestore;
		};
		AA2C74BD29F5AE710013A986 /* FirebaseFirestoreSwift */ = {
			isa = XCSwiftPackageProductDependency;
			package = AA2C74B829F5AE710013A986 /* XCRemoteSwiftPackageReference "firebase-ios-sdk" */;
			productName = FirebaseFirestoreSwift;
		};
		AA2C74BF29F5AE710013A986 /* FirebaseStorage */ = {
			isa = XCSwiftPackageProductDependency;
			package = AA2C74B829F5AE710013A986 /* XCRemoteSwiftPackageReference "firebase-ios-sdk" */;
			productName = FirebaseStorage;
		};
		AA9EACCB29FAA952003F21E1 /* Kingfisher */ = {
			isa = XCSwiftPackageProductDependency;
			package = AA9EACCA29FAA952003F21E1 /* XCRemoteSwiftPackageReference "Kingfisher" */;
			productName = Kingfisher;
		};
/* End XCSwiftPackageProductDependency section */
	};
	rootObject = AAAFCC0229E849B800CCA835 /* Project object */;
}
